
Microsoft Visual Studio Solution File, Format Version 12.00
# Visual Studio Version 17
VisualStudioVersion = 17.3.32825.248
MinimumVisualStudioVersion = 10.0.40219.1
Project("{FAE04EC0-301F-11D3-BF4B-00C04F79EFBC}") = "BaltnetaSmsApi", "BaltnetaSmsApi\BaltnetaSmsApi.csproj", "{95984C04-7E89-4109-98F0-47DE81D5F5E8}"
EndProject
Project("{9A19103F-16F7-4668-BE54-9A1E7A4F7556}") = "Program", "Program\Program.csproj", "{F9C99740-112D-4156-A96C-388BEE3D0346}"
EndProject
Project("{FAE04EC0-301F-11D3-BF4B-00C04F79EFBC}") = "BaltnetaSmsApiCore", "BaltnetaSmsApiCore\BaltnetaSmsApiCore.csproj", "{45268341-EF06-4D23-9AD1-1330D475B2F7}"
EndProject
Global
	GlobalSection(SolutionConfigurationPlatforms) = preSolution
		Debug|Any CPU = Debug|Any CPU
		Release|Any CPU = Release|Any CPU
	EndGlobalSection
	GlobalSection(ProjectConfigurationPlatforms) = postSolution
		{95984C04-7E89-4109-98F0-47DE81D5F5E8}.Debug|Any CPU.ActiveCfg = Debug|Any CPU
		{95984C04-7E89-4109-98F0-47DE81D5F5E8}.Debug|Any CPU.Build.0 = Debug|Any CPU
		{95984C04-7E89-4109-98F0-47DE81D5F5E8}.Release|Any CPU.ActiveCfg = Release|Any CPU
		{95984C04-7E89-4109-98F0-47DE81D5F5E8}.Release|Any CPU.Build.0 = Release|Any CPU
		{F9C99740-112D-4156-A96C-388BEE3D0346}.Debug|Any CPU.ActiveCfg = Debug|Any CPU
		{F9C99740-112D-4156-A96C-388BEE3D0346}.Debug|Any CPU.Build.0 = Debug|Any CPU
		{F9C99740-112D-4156-A96C-388BEE3D0346}.Release|Any CPU.ActiveCfg = Release|Any CPU
		{F9C99740-112D-4156-A96C-388BEE3D0346}.Release|Any CPU.Build.0 = Release|Any CPU
		{45268341-EF06-4D23-9AD1-1330D475B2F7}.Debug|Any CPU.ActiveCfg = Debug|Any CPU
		{45268341-EF06-4D23-9AD1-1330D475B2F7}.Debug|Any CPU.Build.0 = Debug|Any CPU
		{45268341-EF06-4D23-9AD1-1330D475B2F7}.Release|Any CPU.ActiveCfg = Release|Any CPU
		{45268341-EF06-4D23-9AD1-1330D475B2F7}.Release|Any CPU.Build.0 = Release|Any CPU
	EndGlobalSection
	GlobalSection(SolutionProperties) = preSolution
		HideSolutionNode = FALSE
	EndGlobalSection
	GlobalSection(ExtensibilityGlobals) = postSolution
		SolutionGuid = {8CD1E855-E854-4CD5-84B3-8EFE2758D23D}
	EndGlobalSection
EndGlobal
